{
  "lockfileVersion": 1,
  "configVersion": 1,
  "workspaces": {
    "": {
      "name": "@takosjp/takosumi",
      "dependencies": {
        "@cfworker/json-schema": "4.1.1",
        "@cloudflare/containers": "^0.3.6",
        "@sigstore/bundle": "5.0.0",
        "@sigstore/protobuf-specs": "0.5.1",
        "@sigstore/verify": "4.1.0",
        "age-encryption": "^0.3.0",
        "commander": "^12.1.0",
        "drizzle-orm": "^0.45.2",
        "hono": "^4.12.27",
        "pg": "^8.11.0",
        "yaml": "^2.8.2",
      },
      "devDependencies": {
        "@electric-sql/pglite": "^0.5.2",
        "@types/bun": "^1.2.0",
        "@types/node": "^22.0.0",
        "@types/pg": "^8.11.0",
        "ajv": "8.18.0",
        "drizzle-kit": "^0.31.10",
        "miniflare": "4.20260710.0",
        "typescript": "^5.7.0",
        "wrangler": "4.111.0",
      },
    },
    "accounts/contract": {
      "name": "@takosjp/takosumi-accounts-contract",
      "version": "0.0.1",
    },
    "accounts/service": {
      "name": "@takosjp/takosumi-accounts-service",
      "version": "0.0.1",
      "dependencies": {
        "@takosjp/takosumi-accounts-contract": "workspace:*",
      },
    },
    "cli": {
      "name": "@takosjp/takosumi-cli",
      "version": "0.0.1",
      "dependencies": {
        "@takosjp/takosumi-accounts-contract": "workspace:*",
        "@takosjp/takosumi-accounts-service": "workspace:*",
        "pg": "^8.11.0",
      },
    },
    "deploy/node-postgres": {
      "name": "@takosjp/takosumi-accounts-node-postgres",
      "version": "0.0.1",
      "dependencies": {
        "@takosjp/takosumi-accounts-service": "workspace:*",
        "hono": "^4.12.27",
        "pg": "^8.11.0",
      },
    },
  },
  "overrides": {
    "esbuild": "0.28.1",
    "ws": "8.21.0",
  },
  "packages": {
    "@cfworker/json-schema": ["@cfworker/json-schema@4.1.1", "", {}, "sha512-gAmrUZSGtKc3AiBL71iNWxDsyUC5uMaKKGdvzYsBoTW/xi42JQHl7eKV2OYzCUqvc+D2RCcf7EXY2iCyFIk6og=="],

    "@cloudflare/containers": ["@cloudflare/containers@0.3.6", "", {}, "sha512-8RrbK/Et165gjvXccui3pgkUuySVWysTC6bJRXfgqmbCA2vAmh8pm7cAKDh2nZFR/GSjW4BgxeKpffCTD8SJEg=="],

    "@cloudflare/kv-asset-handler": ["@cloudflare/kv-asset-handler@0.5.0", "", {}, "sha512-jxQYkj8dSIzc0cD6cMMNdOc1UVjqSqu8BZdor5s8cGjW2I8BjODt/kWPVdY+u9zj3ms75Q5qaZgnxUad83+eAg=="],

    "@cloudflare/unenv-preset": ["@cloudflare/unenv-preset@2.16.1", "", { "peerDependencies": { "unenv": "2.0.0-rc.24", "workerd": ">1.20260305.0 <2.0.0-0" }, "optionalPeers": ["workerd"] }, "sha512-ECxObrMfyTl5bhQf/lZCXwo5G6xX9IAUo+nDMKK4SZ8m4Jvvxp52vilxyySSWh2YTZz8+HQ07qGH/2rEom1vDw=="],

    "@cloudflare/workerd-darwin-64": ["@cloudflare/workerd-darwin-64@1.20260710.1", "", { "os": "darwin", "cpu": "x64" }, "sha512-OqJl2eWF5+y9jarMm3YqqCTUe7Hd4ihogX5jyRU8iaAgOVyDr/Bk6aXpPCVUi1/MHzO93a18R/TmSTtzmB0sQw=="],

    "@cloudflare/workerd-darwin-arm64": ["@cloudflare/workerd-darwin-arm64@1.20260710.1", "", { "os": "darwin", "cpu": "arm64" }, "sha512-MYBqWgUblO+VlGvO73zYsH3hB9tdRj+yLyt5IHDFWryipb2l1efmNiWtAOkIhSRfypqLYGFrfpaDm2Hg00XVKw=="],

    "@cloudflare/workerd-linux-64": ["@cloudflare/workerd-linux-64@1.20260710.1", "", { "os": "linux", "cpu": "x64" }, "sha512-lVWUgqI8qrkqvaCBGElu1kdaUFdAvaS2RD8K4qkCFP9hI3f5TCXumEs5qWSeZkvKum0+X/uJZ5hBFWsYI5SmoQ=="],

    "@cloudflare/workerd-linux-arm64": ["@cloudflare/workerd-linux-arm64@1.20260710.1", "", { "os": "linux", "cpu": "arm64" }, "sha512-kDwDPItBjAI4JL0df9Fma2N+Qggbm77IB/DnroAkEGQ79fpR80sYMyuB/ZQKyjEk9f48Ocq7HCCLq59qVSyNqA=="],

    "@cloudflare/workerd-windows-64": ["@cloudflare/workerd-windows-64@1.20260710.1", "", { "os": "win32", "cpu": "x64" }, "sha512-GcLHy1oN1dfK6g1Z7UDV9f5xMGyTfPwcjWQ0sfWKH31IsoEVCRapnj3IC0PoIrDbnoo6irGPP0CwVs3WzdTajw=="],

    "@cspotcode/source-map-support": ["@cspotcode/source-map-support@0.8.1", "", { "dependencies": { "@jridgewell/trace-mapping": "0.3.9" } }, "sha512-IchNf6dN4tHoMFIn/7OE8LWZ19Y6q/67Bmf6vnGREv8RSbBVb9LPJxEcnwrcwX6ixSvaiGoomAUvu4YSxXrVgw=="],

    "@drizzle-team/brocli": ["@drizzle-team/brocli@0.10.2", "", {}, "sha512-z33Il7l5dKjUgGULTqBsQBQwckHh5AbIuxhdsIxDDiZAzBOrZO6q9ogcWC65kU382AfynTfgNumVcNIjuIua6w=="],

    "@electric-sql/pglite": ["@electric-sql/pglite@0.5.2", "", {}, "sha512-y6ySdFE7FQB7BkVaSNaPINgY7mXCyvi+3GQB5ySX9WGwgrdh31WXMP5RM40oAyYff47lIr7xdcW8UbCW5NHDmw=="],

    "@emnapi/runtime": ["@emnapi/runtime@1.10.0", "", { "dependencies": { "tslib": "^2.4.0" } }, "sha512-ewvYlk86xUoGI0zQRNq/mC+16R1QeDlKQy21Ki3oSYXNgLb45GV1P6A0M+/s6nyCuNDqe5VpaY84BzXGwVbwFA=="],

    "@esbuild-kit/core-utils": ["@esbuild-kit/core-utils@3.3.2", "", { "dependencies": { "esbuild": "~0.18.20", "source-map-support": "^0.5.21" } }, "sha512-sPRAnw9CdSsRmEtnsl2WXWdyquogVpB3yZ3dgwJfe8zrOzTsV7cJvmwrKVa+0ma5BoiGJ+BoqkMvawbayKUsqQ=="],

    "@esbuild-kit/esm-loader": ["@esbuild-kit/esm-loader@2.6.5", "", { "dependencies": { "@esbuild-kit/core-utils": "^3.3.2", "get-tsconfig": "^4.7.0" } }, "sha512-FxEMIkJKnodyA1OaCUoEvbYRkoZlLZ4d/eXFu9Fh8CbBBgP5EmZxrfTRyN0qpXZ4vOvqnE5YdRdcrmUUXuU+dA=="],

    "@esbuild/aix-ppc64": ["@esbuild/aix-ppc64@0.28.1", "", { "os": "aix", "cpu": "ppc64" }, "sha512-Svl7tq8k/08+p6CXPpRjQ1fKX+1odH/BQbb48fV6fj3CWHhsoIOoY87w1oHXm0qEpkIK3ZfVgp0hed3XBXzXMQ=="],

    "@esbuild/android-arm": ["@esbuild/android-arm@0.28.1", "", { "os": "android", "cpu": "arm" }, "sha512-0k2F129Xdio1TdJfzJ8sy1Q47vUD2NnwdhiAf7drUN1EBTfPf4hsFCtmMgu/6m8JSzsBrlmVjudMBQqOfG8usQ=="],

    "@esbuild/android-arm64": ["@esbuild/android-arm64@0.28.1", "", { "os": "android", "cpu": "arm64" }, "sha512-34EGEbCIAgosYz6goLcopX6Mo7NyGv9tfwEM2/7Ce2VcVRk568iSvniGWcUXIy7wEDR1wzolcxcriFVrWYcwBg=="],

    "@esbuild/android-x64": ["@esbuild/android-x64@0.28.1", "", { "os": "android", "cpu": "x64" }, "sha512-dbwY7ltSMDWsRatcRpCnES4F+im88OCUgGZjy52shC7GqHRE/cYlxNbB4Z4UpJswpcc4Qxd2oE/ufM0p61IKng=="],

    "@esbuild/darwin-arm64": ["@esbuild/darwin-arm64@0.28.1", "", { "os": "darwin", "cpu": "arm64" }, "sha512-TZbWkQY7kvTAXbXUT7uVACR5cMHsDiSz9z7ZKAX/RTq/WJEk3QyRr0wZpNhBDX+/0CtdqUIJlOiodQcta6tY3Q=="],

    "@esbuild/darwin-x64": ["@esbuild/darwin-x64@0.28.1", "", { "os": "darwin", "cpu": "x64" }, "sha512-zfdzgK9ACBNZLI/CyHTOx81SyNbM6YXn7rxSgX97VjyiPl9W1i4Ka4fgKECEoFCKGpvBj5qArWIGgQjOwkgskQ=="],

    "@esbuild/freebsd-arm64": ["@esbuild/freebsd-arm64@0.28.1", "", { "os": "freebsd", "cpu": "arm64" }, "sha512-wG2EA8ENdEI0qhkSZMjfqrdY+ziCYCPMmtZjjIwOmXFjmyzEHn+UUxk5of+SYsjtfs3VpnlC7QLzSI5hY/rOAw=="],

    "@esbuild/freebsd-x64": ["@esbuild/freebsd-x64@0.28.1", "", { "os": "freebsd", "cpu": "x64" }, "sha512-i7dZ9vQgnvSCzi/rYCXNgtF/U+eKZNJBzu3eTQbRgHnM7tNSizLOkRFAl3qzVc/Op/u5YkHHa4pf/3DOYHthLQ=="],

    "@esbuild/linux-arm": ["@esbuild/linux-arm@0.28.1", "", { "os": "linux", "cpu": "arm" }, "sha512-qVXBOHQS+d5Y722GwJzJUtOLlX7km3CraOaGormF1pDtPd2C/l1SHRPgjLunLGe51Sh5YYWKMFDyV4SxgMQYTQ=="],

    "@esbuild/linux-arm64": ["@esbuild/linux-arm64@0.28.1", "", { "os": "linux", "cpu": "arm64" }, "sha512-yHs+0uc8+nvEAfAfxrWQKK5peSNzBc4PegcMO0EJ2hT71uA7vB8Ihg2e77R2P7SG5uYjPbHlLLmve4LLLRCf0g=="],

    "@esbuild/linux-ia32": ["@esbuild/linux-ia32@0.28.1", "", { "os": "linux", "cpu": "ia32" }, "sha512-d1z4ZuP0ajrfz/FhGT4vv278rX8KnPPJx8i5+AtK7TYbx9Le9F1hyzurZpkEyjkGa9dUGhQow4C1NmeGvqxN2w=="],

    "@esbuild/linux-loong64": ["@esbuild/linux-loong64@0.28.1", "", { "os": "linux", "cpu": "none" }, "sha512-M5sRjUVZrkm1OAPR3dlOYzNmN+loZKGVi1VUQGrwuqLcbR6qeAz+famMhjASeH3YVKvZz+zT1jlh/keC3Rj/lg=="],

    "@esbuild/linux-mips64el": ["@esbuild/linux-mips64el@0.28.1", "", { "os": "linux", "cpu": "none" }, "sha512-mRObBZeHh2OxcBFPWE/FjylkRgZdYuiTR3vaTozquCGOH14iP9oN4x4Ge81CoIDYQrXmIxpFumJBu5MtZpnQJQ=="],

    "@esbuild/linux-ppc64": ["@esbuild/linux-ppc64@0.28.1", "", { "os": "linux", "cpu": "ppc64" }, "sha512-slScBsMAb3GFDcdrCgLwZtPYRoH2H/youv10QiZyRjmsP48fznoveWytSgCI/R0ZcUgpc0ZhIUEx6LHts8yrfQ=="],

    "@esbuild/linux-riscv64": ["@esbuild/linux-riscv64@0.28.1", "", { "os": "linux", "cpu": "none" }, "sha512-kw0owk1o0GFETUJyW0jc0G4Yzs0BHZn0JDZ8JRT088vjJYX777BAs1fDGxAC+q831qOs2DTC96mNsG2opdfyyQ=="],

    "@esbuild/linux-s390x": ["@esbuild/linux-s390x@0.28.1", "", { "os": "linux", "cpu": "s390x" }, "sha512-/lAIjX8aYFRByhh6L5rYtPEDRqa9de/4V/juOXcta5frjvzXO4/sqEtyytse0g3zZFuWu5cDN0MkLz2qRDD2Ag=="],

    "@esbuild/linux-x64": ["@esbuild/linux-x64@0.28.1", "", { "os": "linux", "cpu": "x64" }, "sha512-u/anNYF2mmVOEDwLtnQ1wOr3EZ9sTNGLWrsYGYwHWzGA3Si84IOkHXlbWTD1NB+9/1lcnweYKO54uhxZydNzfA=="],

    "@esbuild/netbsd-arm64": ["@esbuild/netbsd-arm64@0.28.1", "", { "os": "none", "cpu": "arm64" }, "sha512-oks0DYbLwWMmaakTsCb+zL4E+aHRVLom9IJZOAthMQEPiQmydXHkziYEsGYRx0uNV/IjEKGAV941JzH02pflqw=="],

    "@esbuild/netbsd-x64": ["@esbuild/netbsd-x64@0.28.1", "", { "os": "none", "cpu": "x64" }, "sha512-aeL6lAnN89Hz43Mlh1G8ARasbuoYvSITDEx0tHh5b7jJnHcssqgjy9Yx430GDpmCa6OyrKoS0aNRjKundRizGg=="],

    "@esbuild/openbsd-arm64": ["@esbuild/openbsd-arm64@0.28.1", "", { "os": "openbsd", "cpu": "arm64" }, "sha512-MEFJe5C3R8pwXdZ5Y21oo6m7ePiS0d9pWucn99O/wvyJZChoIQKrQDxKrGeW8F5+T0okTHesAmDeiHDTIq0V/Q=="],

    "@esbuild/openbsd-x64": ["@esbuild/openbsd-x64@0.28.1", "", { "os": "openbsd", "cpu": "x64" }, "sha512-i/ZLIOafE0Z8cI/XANJAixoJL/uRAoS2xOA3rb0xN+KK0K177cMAsQYkzHtBrtMXAKuAc7HGgcWiZ/sRC1Nxgw=="],

    "@esbuild/openharmony-arm64": ["@esbuild/openharmony-arm64@0.28.1", "", { "os": "none", "cpu": "arm64" }, "sha512-ge+Z7EXFNt2BO1oAMsVpiQ8EwndV9i1xXerAeTIK7AtPs3bKFXQM7nlRxDSIUIMeueR1CNXxqztLzdNeReKBJg=="],

    "@esbuild/sunos-x64": ["@esbuild/sunos-x64@0.28.1", "", { "os": "sunos", "cpu": "x64" }, "sha512-BEjgtECkL3vY+SaSQ6nzVfiALUeFxpawyp8Jmf5PtYhf1Ug40N1h/hxlhts+f1FvSvarEigdxS3BlSMI2PJLcQ=="],

    "@esbuild/win32-arm64": ["@esbuild/win32-arm64@0.28.1", "", { "os": "win32", "cpu": "arm64" }, "sha512-lCv9eK/H6ZJWbE7bh2nw54CZ9M2nupBxJcTsdk/QQnWkdSjKGuxmmH8/GWrlT1eMmZfn4dGcCjRte397WqfQXA=="],

    "@esbuild/win32-ia32": ["@esbuild/win32-ia32@0.28.1", "", { "os": "win32", "cpu": "ia32" }, "sha512-zvb/mB2bSCoJOpoCBgYKKpX6YM6mJBlBUVUtVj41DlZJVEB6/0CKlRYxP5wWl1C1ILiCoAU5wZZ4q1P3qeS6Eg=="],

    "@esbuild/win32-x64": ["@esbuild/win32-x64@0.28.1", "", { "os": "win32", "cpu": "x64" }, "sha512-bm4Mowrv+GXMlpWX++EcXw/iLyd1o3+bJkC2DkWXYVvgZCqD/bSj9ctZeAMC3cIxgjRVR2Dufaiu4YPxr5gW1A=="],

    "@img/colour": ["@img/colour@1.1.0", "", {}, "sha512-Td76q7j57o/tLVdgS746cYARfSyxk8iEfRxewL9h4OMzYhbW4TAcppl0mT4eyqXddh6L/jwoM75mo7ixa/pCeQ=="],

    "@img/sharp-darwin-arm64": ["@img/sharp-darwin-arm64@0.34.5", "", { "optionalDependencies": { "@img/sharp-libvips-darwin-arm64": "1.2.4" }, "os": "darwin", "cpu": "arm64" }, "sha512-imtQ3WMJXbMY4fxb/Ndp6HBTNVtWCUI0WdobyheGf5+ad6xX8VIDO8u2xE4qc/fr08CKG/7dDseFtn6M6g/r3w=="],

    "@img/sharp-darwin-x64": ["@img/sharp-darwin-x64@0.34.5", "", { "optionalDependencies": { "@img/sharp-libvips-darwin-x64": "1.2.4" }, "os": "darwin", "cpu": "x64" }, "sha512-YNEFAF/4KQ/PeW0N+r+aVVsoIY0/qxxikF2SWdp+NRkmMB7y9LBZAVqQ4yhGCm/H3H270OSykqmQMKLBhBJDEw=="],

    "@img/sharp-libvips-darwin-arm64": ["@img/sharp-libvips-darwin-arm64@1.2.4", "", { "os": "darwin", "cpu": "arm64" }, "sha512-zqjjo7RatFfFoP0MkQ51jfuFZBnVE2pRiaydKJ1G/rHZvnsrHAOcQALIi9sA5co5xenQdTugCvtb1cuf78Vf4g=="],

    "@img/sharp-libvips-darwin-x64": ["@img/sharp-libvips-darwin-x64@1.2.4", "", { "os": "darwin", "cpu": "x64" }, "sha512-1IOd5xfVhlGwX+zXv2N93k0yMONvUlANylbJw1eTah8K/Jtpi15KC+WSiaX/nBmbm2HxRM1gZ0nSdjSsrZbGKg=="],

    "@img/sharp-libvips-linux-arm": ["@img/sharp-libvips-linux-arm@1.2.4", "", { "os": "linux", "cpu": "arm" }, "sha512-bFI7xcKFELdiNCVov8e44Ia4u2byA+l3XtsAj+Q8tfCwO6BQ8iDojYdvoPMqsKDkuoOo+X6HZA0s0q11ANMQ8A=="],

    "@img/sharp-libvips-linux-arm64": ["@img/sharp-libvips-linux-arm64@1.2.4", "", { "os": "linux", "cpu": "arm64" }, "sha512-excjX8DfsIcJ10x1Kzr4RcWe1edC9PquDRRPx3YVCvQv+U5p7Yin2s32ftzikXojb1PIFc/9Mt28/y+iRklkrw=="],

    "@img/sharp-libvips-linux-ppc64": ["@img/sharp-libvips-linux-ppc64@1.2.4", "", { "os": "linux", "cpu": "ppc64" }, "sha512-FMuvGijLDYG6lW+b/UvyilUWu5Ayu+3r2d1S8notiGCIyYU/76eig1UfMmkZ7vwgOrzKzlQbFSuQfgm7GYUPpA=="],

    "@img/sharp-libvips-linux-riscv64": ["@img/sharp-libvips-linux-riscv64@1.2.4", "", { "os": "linux", "cpu": "none" }, "sha512-oVDbcR4zUC0ce82teubSm+x6ETixtKZBh/qbREIOcI3cULzDyb18Sr/Wcyx7NRQeQzOiHTNbZFF1UwPS2scyGA=="],

    "@img/sharp-libvips-linux-s390x": ["@img/sharp-libvips-linux-s390x@1.2.4", "", { "os": "linux", "cpu": "s390x" }, "sha512-qmp9VrzgPgMoGZyPvrQHqk02uyjA0/QrTO26Tqk6l4ZV0MPWIW6LTkqOIov+J1yEu7MbFQaDpwdwJKhbJvuRxQ=="],

    "@img/sharp-libvips-linux-x64": ["@img/sharp-libvips-linux-x64@1.2.4", "", { "os": "linux", "cpu": "x64" }, "sha512-tJxiiLsmHc9Ax1bz3oaOYBURTXGIRDODBqhveVHonrHJ9/+k89qbLl0bcJns+e4t4rvaNBxaEZsFtSfAdquPrw=="],

    "@img/sharp-libvips-linuxmusl-arm64": ["@img/sharp-libvips-linuxmusl-arm64@1.2.4", "", { "os": "linux", "cpu": "arm64" }, "sha512-FVQHuwx1IIuNow9QAbYUzJ+En8KcVm9Lk5+uGUQJHaZmMECZmOlix9HnH7n1TRkXMS0pGxIJokIVB9SuqZGGXw=="],

    "@img/sharp-libvips-linuxmusl-x64": ["@img/sharp-libvips-linuxmusl-x64@1.2.4", "", { "os": "linux", "cpu": "x64" }, "sha512-+LpyBk7L44ZIXwz/VYfglaX/okxezESc6UxDSoyo2Ks6Jxc4Y7sGjpgU9s4PMgqgjj1gZCylTieNamqA1MF7Dg=="],

    "@img/sharp-linux-arm": ["@img/sharp-linux-arm@0.34.5", "", { "optionalDependencies": { "@img/sharp-libvips-linux-arm": "1.2.4" }, "os": "linux", "cpu": "arm" }, "sha512-9dLqsvwtg1uuXBGZKsxem9595+ujv0sJ6Vi8wcTANSFpwV/GONat5eCkzQo/1O6zRIkh0m/8+5BjrRr7jDUSZw=="],

    "@img/sharp-linux-arm64": ["@img/sharp-linux-arm64@0.34.5", "", { "optionalDependencies": { "@img/sharp-libvips-linux-arm64": "1.2.4" }, "os": "linux", "cpu": "arm64" }, "sha512-bKQzaJRY/bkPOXyKx5EVup7qkaojECG6NLYswgktOZjaXecSAeCWiZwwiFf3/Y+O1HrauiE3FVsGxFg8c24rZg=="],

    "@img/sharp-linux-ppc64": ["@img/sharp-linux-ppc64@0.34.5", "", { "optionalDependencies": { "@img/sharp-libvips-linux-ppc64": "1.2.4" }, "os": "linux", "cpu": "ppc64" }, "sha512-7zznwNaqW6YtsfrGGDA6BRkISKAAE1Jo0QdpNYXNMHu2+0dTrPflTLNkpc8l7MUP5M16ZJcUvysVWWrMefZquA=="],

    "@img/sharp-linux-riscv64": ["@img/sharp-linux-riscv64@0.34.5", "", { "optionalDependencies": { "@img/sharp-libvips-linux-riscv64": "1.2.4" }, "os": "linux", "cpu": "none" }, "sha512-51gJuLPTKa7piYPaVs8GmByo7/U7/7TZOq+cnXJIHZKavIRHAP77e3N2HEl3dgiqdD/w0yUfiJnII77PuDDFdw=="],

    "@img/sharp-linux-s390x": ["@img/sharp-linux-s390x@0.34.5", "", { "optionalDependencies": { "@img/sharp-libvips-linux-s390x": "1.2.4" }, "os": "linux", "cpu": "s390x" }, "sha512-nQtCk0PdKfho3eC5MrbQoigJ2gd1CgddUMkabUj+rBevs8tZ2cULOx46E7oyX+04WGfABgIwmMC0VqieTiR4jg=="],

    "@img/sharp-linux-x64": ["@img/sharp-linux-x64@0.34.5", "", { "optionalDependencies": { "@img/sharp-libvips-linux-x64": "1.2.4" }, "os": "linux", "cpu": "x64" }, "sha512-MEzd8HPKxVxVenwAa+JRPwEC7QFjoPWuS5NZnBt6B3pu7EG2Ge0id1oLHZpPJdn3OQK+BQDiw9zStiHBTJQQQQ=="],

    "@img/sharp-linuxmusl-arm64": ["@img/sharp-linuxmusl-arm64@0.34.5", "", { "optionalDependencies": { "@img/sharp-libvips-linuxmusl-arm64": "1.2.4" }, "os": "linux", "cpu": "arm64" }, "sha512-fprJR6GtRsMt6Kyfq44IsChVZeGN97gTD331weR1ex1c1rypDEABN6Tm2xa1wE6lYb5DdEnk03NZPqA7Id21yg=="],

    "@img/sharp-linuxmusl-x64": ["@img/sharp-linuxmusl-x64@0.34.5", "", { "optionalDependencies": { "@img/sharp-libvips-linuxmusl-x64": "1.2.4" }, "os": "linux", "cpu": "x64" }, "sha512-Jg8wNT1MUzIvhBFxViqrEhWDGzqymo3sV7z7ZsaWbZNDLXRJZoRGrjulp60YYtV4wfY8VIKcWidjojlLcWrd8Q=="],

    "@img/sharp-wasm32": ["@img/sharp-wasm32@0.34.5", "", { "dependencies": { "@emnapi/runtime": "^1.7.0" }, "cpu": "none" }, "sha512-OdWTEiVkY2PHwqkbBI8frFxQQFekHaSSkUIJkwzclWZe64O1X4UlUjqqqLaPbUpMOQk6FBu/HtlGXNblIs0huw=="],

    "@img/sharp-win32-arm64": ["@img/sharp-win32-arm64@0.34.5", "", { "os": "win32", "cpu": "arm64" }, "sha512-WQ3AgWCWYSb2yt+IG8mnC6Jdk9Whs7O0gxphblsLvdhSpSTtmu69ZG1Gkb6NuvxsNACwiPV6cNSZNzt0KPsw7g=="],

    "@img/sharp-win32-ia32": ["@img/sharp-win32-ia32@0.34.5", "", { "os": "win32", "cpu": "ia32" }, "sha512-FV9m/7NmeCmSHDD5j4+4pNI8Cp3aW+JvLoXcTUo0IqyjSfAZJ8dIUmijx1qaJsIiU+Hosw6xM5KijAWRJCSgNg=="],

    "@img/sharp-win32-x64": ["@img/sharp-win32-x64@0.34.5", "", { "os": "win32", "cpu": "x64" }, "sha512-+29YMsqY2/9eFEiW93eqWnuLcWcufowXewwSNIT6UwZdUUCrM3oFjMWH/Z6/TMmb4hlFenmfAVbpWeup2jryCw=="],

    "@jridgewell/resolve-uri": ["@jridgewell/resolve-uri@3.1.2", "", {}, "sha512-bRISgCIjP20/tbWSPWMEi54QVPRZExkuD9lJL+UIxUKtwVJA8wW1Trb1jMs1RFXo1CBTNZ/5hpC9QvmKWdopKw=="],

    "@jridgewell/sourcemap-codec": ["@jridgewell/sourcemap-codec@1.5.5", "", {}, "sha512-cYQ9310grqxueWbl+WuIUIaiUaDcj7WOq5fVhEljNVgRfOUhY9fy2zTvfoqWsnebh8Sl70VScFbICvJnLKB0Og=="],

    "@jridgewell/trace-mapping": ["@jridgewell/trace-mapping@0.3.9", "", { "dependencies": { "@jridgewell/resolve-uri": "^3.0.3", "@jridgewell/sourcemap-codec": "^1.4.10" } }, "sha512-3Belt6tdc8bPgAtbcmdtNJlirVoTmEb5e2gC94PnkwEW9jI6CAHUeoG85tjWP5WquqfavoMtMwiG4P926ZKKuQ=="],

    "@noble/ciphers": ["@noble/ciphers@2.2.0", "", {}, "sha512-Z6pjIZ/8IJcCGzb2S/0Px5J81yij85xASuk1teLNeg75bfT07MV3a/O2Mtn1I2se43k3lkVEcFaR10N4cgQcZA=="],

    "@noble/curves": ["@noble/curves@2.2.0", "", { "dependencies": { "@noble/hashes": "2.2.0" } }, "sha512-T/BoHgFXirb0ENSPBquzX0rcjXeM6Lo892a2jlYJkqk83LqZx0l1Of7DzlKJ6jkpvMrkHSnAcgb5JegL8SeIkQ=="],

    "@noble/hashes": ["@noble/hashes@2.2.0", "", {}, "sha512-IYqDGiTXab6FniAgnSdZwgWbomxpy9FtYvLKs7wCUs2a8RkITG+DFGO1DM9cr+E3/RgADRpFjrKVaJ1z6sjtEg=="],

    "@noble/post-quantum": ["@noble/post-quantum@0.5.4", "", { "dependencies": { "@noble/curves": "~2.0.0", "@noble/hashes": "~2.0.0" } }, "sha512-leww0zzIirrvwaYMPI9fj6aRIlA/c6Y0/lifQQ1YOOyHEr0MNH3yYpjXeiVG+tWdPps4XxGclFWX2INPO3Yo5w=="],

    "@poppinss/colors": ["@poppinss/colors@4.1.6", "", { "dependencies": { "kleur": "^4.1.5" } }, "sha512-H9xkIdFswbS8n1d6vmRd8+c10t2Qe+rZITbbDHHkQixH5+2x1FDGmi/0K+WgWiqQFKPSlIYB7jlH6Kpfn6Fleg=="],

    "@poppinss/dumper": ["@poppinss/dumper@0.6.5", "", { "dependencies": { "@poppinss/colors": "^4.1.5", "@sindresorhus/is": "^7.0.2", "supports-color": "^10.0.0" } }, "sha512-NBdYIb90J7LfOI32dOewKI1r7wnkiH6m920puQ3qHUeZkxNkQiFnXVWoE6YtFSv6QOiPPf7ys6i+HWWecDz7sw=="],

    "@poppinss/exception": ["@poppinss/exception@1.2.3", "", {}, "sha512-dCED+QRChTVatE9ibtoaxc+WkdzOSjYTKi/+uacHWIsfodVfpsueo3+DKpgU5Px8qXjgmXkSvhXvSCz3fnP9lw=="],

    "@scure/base": ["@scure/base@2.2.0", "", {}, "sha512-b8XEupJibegiXV+tDUseI8oLQc8ei3d/4Jkb2RpbHh3MfE054ov3uIz2dhFkB3FI8iwYkEh0gGCApkrYggkPNg=="],

    "@sigstore/bundle": ["@sigstore/bundle@5.0.0", "", { "dependencies": { "@sigstore/protobuf-specs": "^0.5.0" } }, "sha512-wefjygudENbzbQMks1t5u34EP0fFoD0XvaEP7DOUP/sXKvogzEJYFw5E6pegGyp3onGWzVEYKVa3bNZWyTYX+A=="],

    "@sigstore/core": ["@sigstore/core@4.0.1", "", {}, "sha512-9v5hRjujn5NXq8o7XFEUgLyAtdr5Iisb4pzM05u3K61IS5q3hP3luWAndk0RkPPLTUFoTbg7Vb84UQ1ZQeajWQ=="],

    "@sigstore/protobuf-specs": ["@sigstore/protobuf-specs@0.5.1", "", {}, "sha512-/ScWUhhoFasJsSRGTVBwId1loQjjnjAfE4djL6ZhrXRpNCmPTnUKF5Jokd58ILseOMjzET3UrMOtJPS9sYeI0g=="],

    "@sigstore/verify": ["@sigstore/verify@4.1.0", "", { "dependencies": { "@sigstore/bundle": "^5.0.0", "@sigstore/core": "^4.0.1", "@sigstore/protobuf-specs": "^0.5.0" } }, "sha512-p/s720RiWxLG8XtmfdPfEJOlATA6H/2knFqmtQbFkHKN3IrhWGUwPfpQAf1UnQIEES9IaH6zzhfjkrhTfeSdZw=="],

    "@sindresorhus/is": ["@sindresorhus/is@7.2.0", "", {}, "sha512-P1Cz1dWaFfR4IR+U13mqqiGsLFf1KbayybWwdd2vfctdV6hDpUkgCY0nKOLLTMSoRd/jJNjtbqzf13K8DCCXQw=="],

    "@speed-highlight/core": ["@speed-highlight/core@1.2.15", "", {}, "sha512-BMq1K3DsElxDWawkX6eLg9+CKJrTVGCBAWVuHXVUV2u0s2711qiChLSId6ikYPfxhdYocLNt3wWwSvDiTvFabw=="],

    "@takosjp/takosumi-accounts-contract": ["@takosjp/takosumi-accounts-contract@workspace:accounts/contract"],

    "@takosjp/takosumi-accounts-node-postgres": ["@takosjp/takosumi-accounts-node-postgres@workspace:deploy/node-postgres"],

    "@takosjp/takosumi-accounts-service": ["@takosjp/takosumi-accounts-service@workspace:accounts/service"],

    "@takosjp/takosumi-cli": ["@takosjp/takosumi-cli@workspace:cli"],

    "@types/bun": ["@types/bun@1.3.14", "", { "dependencies": { "bun-types": "1.3.14" } }, "sha512-h1hFqFVcvAvD9j9K7ZW7vd82aSA+rTdznZa+5bwvCwqSB1jmmfLcbIWhOLx1/+boy/xmjgCs/OMUL8hRJSmnPw=="],

    "@types/node": ["@types/node@22.19.19", "", { "dependencies": { "undici-types": "~6.21.0" } }, "sha512-dyh/xO2Fh5bYrfWaaqGrRQQGkNdmYw6AmaAUvYeUMNTWQtvb796ikLdmTchRmOlOiIJ1TDXfWgVx1QkUlQ6Hew=="],

    "@types/pg": ["@types/pg@8.20.0", "", { "dependencies": { "@types/node": "*", "pg-protocol": "*", "pg-types": "^2.2.0" } }, "sha512-bEPFOaMAHTEP1EzpvHTbmwR8UsFyHSKsRisLIHVMXnpNefSbGA1bD6CVy+qKjGSqmZqNqBDV2azOBo8TgkcVow=="],

    "age-encryption": ["age-encryption@0.3.0", "", { "dependencies": { "@noble/ciphers": "^2.1.1", "@noble/curves": "^2.0.1", "@noble/hashes": "^2.0.1", "@noble/post-quantum": "^0.5.3", "@scure/base": "^2.0.0" } }, "sha512-vDhGGp5ZXpbKL6oc3FEBjGhyepr/0SwIWmia6CcPXvYcxGBSQNcDdMv9m2yVOkjjYuJEmtGEhOojIUcjrj0cEw=="],

    "ajv": ["ajv@8.18.0", "", { "dependencies": { "fast-deep-equal": "^3.1.3", "fast-uri": "^3.0.1", "json-schema-traverse": "^1.0.0", "require-from-string": "^2.0.2" } }, "sha512-PlXPeEWMXMZ7sPYOHqmDyCJzcfNrUr3fGNKtezX14ykXOEIvyK81d+qydx89KY5O71FKMPaQ2vBfBFI5NHR63A=="],

    "blake3-wasm": ["blake3-wasm@2.1.5", "", {}, "sha512-F1+K8EbfOZE49dtoPtmxUQrpXaBIl3ICvasLh+nJta0xkz+9kF/7uet9fLnwKqhDrmj6g+6K3Tw9yQPUg2ka5g=="],

    "buffer-from": ["buffer-from@1.1.2", "", {}, "sha512-E+XQCRwSbaaiChtv6k6Dwgc+bx+Bs6vuKJHHl5kox/BaKbhiXzqQOwK4cO22yElGp2OCmjwVhT3HmxgyPGnJfQ=="],

    "bun-types": ["bun-types@1.3.14", "", { "dependencies": { "@types/node": "*" } }, "sha512-4N0ig0fEomHt5R0KCFWjovxow98rIoRwKolrYdCcknNwMekCXRnWEUvgu5soYV8QXtVsrUD8B95MBOZGPvr6KQ=="],

    "commander": ["commander@12.1.0", "", {}, "sha512-Vw8qHK3bZM9y/P10u3Vib8o/DdkvA2OtPtZvD871QKjy74Wj1WSKFILMPRPSdUSx5RFK1arlJzEtA4PkFgnbuA=="],

    "cookie": ["cookie@1.1.1", "", {}, "sha512-ei8Aos7ja0weRpFzJnEA9UHJ/7XQmqglbRwnf2ATjcB9Wq874VKH9kfjjirM6UhU2/E5fFYadylyhFldcqSidQ=="],

    "detect-libc": ["detect-libc@2.1.2", "", {}, "sha512-Btj2BOOO83o3WyH59e8MgXsxEQVcarkUOpEYrubB0urwnN10yQ364rsiByU11nZlqWYZm05i/of7io4mzihBtQ=="],

    "drizzle-kit": ["drizzle-kit@0.31.10", "", { "dependencies": { "@drizzle-team/brocli": "^0.10.2", "@esbuild-kit/esm-loader": "^2.5.5", "esbuild": "^0.25.4", "tsx": "^4.21.0" }, "bin": { "drizzle-kit": "bin.cjs" } }, "sha512-7OZcmQUrdGI+DUNNsKBn1aW8qSoKuTH7d0mYgSP8bAzdFzKoovxEFnoGQp2dVs82EOJeYycqRtciopszwUf8bw=="],

    "drizzle-orm": ["drizzle-orm@0.45.2", "", { "peerDependencies": { "@aws-sdk/client-rds-data": ">=3", "@cloudflare/workers-types": ">=4", "@electric-sql/pglite": ">=0.2.0", "@libsql/client": ">=0.10.0", "@libsql/client-wasm": ">=0.10.0", "@neondatabase/serverless": ">=0.10.0", "@op-engineering/op-sqlite": ">=2", "@opentelemetry/api": "^1.4.1", "@planetscale/database": ">=1.13", "@prisma/client": "*", "@tidbcloud/serverless": "*", "@types/better-sqlite3": "*", "@types/pg": "*", "@types/sql.js": "*", "@upstash/redis": ">=1.34.7", "@vercel/postgres": ">=0.8.0", "@xata.io/client": "*", "better-sqlite3": ">=7", "bun-types": "*", "expo-sqlite": ">=14.0.0", "gel": ">=2", "knex": "*", "kysely": "*", "mysql2": ">=2", "pg": ">=8", "postgres": ">=3", "prisma": "*", "sql.js": ">=1", "sqlite3": ">=5" }, "optionalPeers": ["@aws-sdk/client-rds-data", "@cloudflare/workers-types", "@electric-sql/pglite", "@libsql/client", "@libsql/client-wasm", "@neondatabase/serverless", "@op-engineering/op-sqlite", "@opentelemetry/api", "@planetscale/database", "@prisma/client", "@tidbcloud/serverless", "@types/better-sqlite3", "@types/pg", "@types/sql.js", "@upstash/redis", "@vercel/postgres", "@xata.io/client", "better-sqlite3", "bun-types", "expo-sqlite", "gel", "knex", "kysely", "mysql2", "pg", "postgres", "prisma", "sql.js", "sqlite3"] }, "sha512-kY0BSaTNYWnoDMVoyY8uxmyHjpJW1geOmBMdSSicKo9CIIWkSxMIj2rkeSR51b8KAPB7m+qysjuHme5nKP+E5Q=="],

    "error-stack-parser-es": ["error-stack-parser-es@1.0.5", "", {}, "sha512-5qucVt2XcuGMcEGgWI7i+yZpmpByQ8J1lHhcL7PwqCwu9FPP3VUXzT4ltHe5i2z9dePwEHcDVOAfSnHsOlCXRA=="],

    "esbuild": ["esbuild@0.28.1", "", { "optionalDependencies": { "@esbuild/aix-ppc64": "0.28.1", "@esbuild/android-arm": "0.28.1", "@esbuild/android-arm64": "0.28.1", "@esbuild/android-x64": "0.28.1", "@esbuild/darwin-arm64": "0.28.1", "@esbuild/darwin-x64": "0.28.1", "@esbuild/freebsd-arm64": "0.28.1", "@esbuild/freebsd-x64": "0.28.1", "@esbuild/linux-arm": "0.28.1", "@esbuild/linux-arm64": "0.28.1", "@esbuild/linux-ia32": "0.28.1", "@esbuild/linux-loong64": "0.28.1", "@esbuild/linux-mips64el": "0.28.1", "@esbuild/linux-ppc64": "0.28.1", "@esbuild/linux-riscv64": "0.28.1", "@esbuild/linux-s390x": "0.28.1", "@esbuild/linux-x64": "0.28.1", "@esbuild/netbsd-arm64": "0.28.1", "@esbuild/netbsd-x64": "0.28.1", "@esbuild/openbsd-arm64": "0.28.1", "@esbuild/openbsd-x64": "0.28.1", "@esbuild/openharmony-arm64": "0.28.1", "@esbuild/sunos-x64": "0.28.1", "@esbuild/win32-arm64": "0.28.1", "@esbuild/win32-ia32": "0.28.1", "@esbuild/win32-x64": "0.28.1" }, "bin": { "esbuild": "bin/esbuild" } }, "sha512-HrJrvZv5ayxBzPfwphOoNzkzOIIlifzk0KJrGK2c8R4+LKpMtpYLQeUdjnwjWv/LZlkH2laZk+4w78pi99D4Vw=="],

    "fast-deep-equal": ["fast-deep-equal@3.1.3", "", {}, "sha512-f3qQ9oQy9j2AhBe/H9VC91wLmKBCCU/gDOnKNAYG5hswO7BLKj09Hc5HYNz9cGI++xlpDCIgDaitVs03ATR84Q=="],

    "fast-uri": ["fast-uri@3.1.3", "", {}, "sha512-i70LwGWUduXqzicKXWshooq+sWL1K3WUU5rKZNG/0i3a1OSoX3HqhH5WbWwTmqWfor4urUakGPiRQcleRZTwOg=="],

    "fsevents": ["fsevents@2.3.3", "", { "os": "darwin" }, "sha512-5xoDfX+fL7faATnagmWPpbFtwh/R77WmMMqqHGS65C3vvB0YHrgF+B1YmZ3441tMj5n63k0212XNoJwzlhffQw=="],

    "get-tsconfig": ["get-tsconfig@4.14.0", "", { "dependencies": { "resolve-pkg-maps": "^1.0.0" } }, "sha512-yTb+8DXzDREzgvYmh6s9vHsSVCHeC0G3PI5bEXNBHtmshPnO+S5O7qgLEOn0I5QvMy6kpZN8K1NKGyilLb93wA=="],

    "hono": ["hono@4.12.31", "", {}, "sha512-zJIHFrl6bq3RDd2YusFNCDlM8qUprxKswyi/OPzPyzKDdyBXDqWx8bZlZ7R+saTdSTatUmb3O7K4SspGPaEOQg=="],

    "json-schema-traverse": ["json-schema-traverse@1.0.0", "", {}, "sha512-NM8/P9n3XjXhIZn1lLhkFaACTOURQXjWhV4BA/RnOv8xvgqtqpAX9IO4mRQxSx1Rlo4tqzeqb0sOlruaOy3dug=="],

    "kleur": ["kleur@4.1.5", "", {}, "sha512-o+NO+8WrRiQEE4/7nwRJhN1HWpVmJm511pBHUxPLtp0BUISzlBplORYSmTclCnJvQq2tKu/sgl3xVpkc7ZWuQQ=="],

    "miniflare": ["miniflare@4.20260710.0", "", { "dependencies": { "@cspotcode/source-map-support": "0.8.1", "sharp": "0.34.5", "undici": "7.28.0", "workerd": "1.20260710.1", "ws": "8.21.0", "youch": "4.1.0-beta.10" }, "bin": { "miniflare": "bootstrap.js" } }, "sha512-x1LLRkU6o1p7hiKrB0TRnL0MJn6xFOT+/vrlEQINz5cRDKLP8ru4hBqWTIvXAetzr1acKAnmAaG84pQ4W/K14g=="],

    "path-to-regexp": ["path-to-regexp@6.3.0", "", {}, "sha512-Yhpw4T9C6hPpgPeA28us07OJeqZ5EzQTkbfwuhsUg0c237RomFoETJgmp2sa3F/41gfLE6G5cqcYwznmeEeOlQ=="],

    "pathe": ["pathe@2.0.3", "", {}, "sha512-WUjGcAqP1gQacoQe+OBJsFA7Ld4DyXuUIjZ5cc75cLHvJ7dtNsTugphxIADwspS+AraAUePCKrSVtPLFj/F88w=="],

    "pg": ["pg@8.21.0", "", { "dependencies": { "pg-connection-string": "^2.13.0", "pg-pool": "^3.14.0", "pg-protocol": "^1.14.0", "pg-types": "2.2.0", "pgpass": "1.0.5" }, "optionalDependencies": { "pg-cloudflare": "^1.4.0" }, "peerDependencies": { "pg-native": ">=3.0.1" }, "optionalPeers": ["pg-native"] }, "sha512-AUP1EYJuHraQGsVoCQVIcM7TEJVGtDzxWtGFZd8rds9d+CCXlU5Js1rYgfLNvxy9iJrpHjGrRjoi/3BT9fRyiA=="],

    "pg-cloudflare": ["pg-cloudflare@1.4.0", "", {}, "sha512-Vo7z/6rrQYxpNRylp4Tlob2elzbh+N/MOQbxFVWCxS7oEx6jF53GTJFxK2WWpKuBRkmiin4Mt+xofFDjx09R0A=="],

    "pg-connection-string": ["pg-connection-string@2.13.0", "", {}, "sha512-EMnU9E2fSULdsbErBbMaXJvFeD9B4+nPcM3f+4lsiCR0BHLPrLVjv3DbyM2hgQQviKJaTWIRRTjKjWlHg3p2ig=="],

    "pg-int8": ["pg-int8@1.0.1", "", {}, "sha512-WCtabS6t3c8SkpDBUlb1kjOs7l66xsGdKpIPZsg4wR+B3+u9UAum2odSsF9tnvxg80h4ZxLWMy4pRjOsFIqQpw=="],

    "pg-pool": ["pg-pool@3.14.0", "", { "peerDependencies": { "pg": ">=8.0" } }, "sha512-gKtPkFdQPU3DksooVLi9LsjZxrsBUZIpa+7aVx+LV5pNh0KzP4Zleud2po+ConrxbuXGBJ6Hfer6hdgpIBpBaw=="],

    "pg-protocol": ["pg-protocol@1.14.0", "", {}, "sha512-n5taZ1kO3s9ngDTVxsEznOqCyToTgz0FLuPq0B33COy5pPpuWJpY3/2oRBVETuOgzdqRXfWpM9HIhp2LBBT1BA=="],

    "pg-types": ["pg-types@2.2.0", "", { "dependencies": { "pg-int8": "1.0.1", "postgres-array": "~2.0.0", "postgres-bytea": "~1.0.0", "postgres-date": "~1.0.4", "postgres-interval": "^1.1.0" } }, "sha512-qTAAlrEsl8s4OiEQY69wDvcMIdQN6wdz5ojQiOy6YRMuynxenON0O5oCpJI6lshc6scgAY8qvJ2On/p+CXY0GA=="],

    "pgpass": ["pgpass@1.0.5", "", { "dependencies": { "split2": "^4.1.0" } }, "sha512-FdW9r/jQZhSeohs1Z3sI1yxFQNFvMcnmfuj4WBMUTxOrAyLMaTcE1aAMBiTlbMNaXvBCQuVi0R7hd8udDSP7ug=="],

    "postgres-array": ["postgres-array@2.0.0", "", {}, "sha512-VpZrUqU5A69eQyW2c5CA1jtLecCsN2U/bD6VilrFDWq5+5UIEVO7nazS3TEcHf1zuPYO/sqGvUvW62g86RXZuA=="],

    "postgres-bytea": ["postgres-bytea@1.0.1", "", {}, "sha512-5+5HqXnsZPE65IJZSMkZtURARZelel2oXUEO8rH83VS/hxH5vv1uHquPg5wZs8yMAfdv971IU+kcPUczi7NVBQ=="],

    "postgres-date": ["postgres-date@1.0.7", "", {}, "sha512-suDmjLVQg78nMK2UZ454hAG+OAW+HQPZ6n++TNDUX+L0+uUlLywnoxJKDou51Zm+zTCjrCl0Nq6J9C5hP9vK/Q=="],

    "postgres-interval": ["postgres-interval@1.2.0", "", { "dependencies": { "xtend": "^4.0.0" } }, "sha512-9ZhXKM/rw350N1ovuWHbGxnGh/SNJ4cnxHiM0rxE4VN41wsg8P8zWn9hv/buK00RP4WvlOyr/RBDiptyxVbkZQ=="],

    "require-from-string": ["require-from-string@2.0.2", "", {}, "sha512-Xf0nWe6RseziFMu+Ap9biiUbmplq6S9/p+7w7YXP/JBHhrUDDUhwa+vANyubuqfZWTveU//DYVGsDG7RKL/vEw=="],

    "resolve-pkg-maps": ["resolve-pkg-maps@1.0.0", "", {}, "sha512-seS2Tj26TBVOC2NIc2rOe2y2ZO7efxITtLZcGSOnHHNOQ7CkiUBfw0Iw2ck6xkIhPwLhKNLS8BO+hEpngQlqzw=="],

    "semver": ["semver@7.8.1", "", { "bin": { "semver": "bin/semver.js" } }, "sha512-rkVq3IXh+4FDGch+KwzX3aV9W3kO54GyEgpvBzSyctDA6Xtd7RJQV1xmXbeQp5v7+VzLOfVqiutSE6GICgPFvg=="],

    "sharp": ["sharp@0.34.5", "", { "dependencies": { "@img/colour": "^1.0.0", "detect-libc": "^2.1.2", "semver": "^7.7.3" }, "optionalDependencies": { "@img/sharp-darwin-arm64": "0.34.5", "@img/sharp-darwin-x64": "0.34.5", "@img/sharp-libvips-darwin-arm64": "1.2.4", "@img/sharp-libvips-darwin-x64": "1.2.4", "@img/sharp-libvips-linux-arm": "1.2.4", "@img/sharp-libvips-linux-arm64": "1.2.4", "@img/sharp-libvips-linux-ppc64": "1.2.4", "@img/sharp-libvips-linux-riscv64": "1.2.4", "@img/sharp-libvips-linux-s390x": "1.2.4", "@img/sharp-libvips-linux-x64": "1.2.4", "@img/sharp-libvips-linuxmusl-arm64": "1.2.4", "@img/sharp-libvips-linuxmusl-x64": "1.2.4", "@img/sharp-linux-arm": "0.34.5", "@img/sharp-linux-arm64": "0.34.5", "@img/sharp-linux-ppc64": "0.34.5", "@img/sharp-linux-riscv64": "0.34.5", "@img/sharp-linux-s390x": "0.34.5", "@img/sharp-linux-x64": "0.34.5", "@img/sharp-linuxmusl-arm64": "0.34.5", "@img/sharp-linuxmusl-x64": "0.34.5", "@img/sharp-wasm32": "0.34.5", "@img/sharp-win32-arm64": "0.34.5", "@img/sharp-win32-ia32": "0.34.5", "@img/sharp-win32-x64": "0.34.5" } }, "sha512-Ou9I5Ft9WNcCbXrU9cMgPBcCK8LiwLqcbywW3t4oDV37n1pzpuNLsYiAV8eODnjbtQlSDwZ2cUEeQz4E54Hltg=="],

    "source-map": ["source-map@0.6.1", "", {}, "sha512-UjgapumWlbMhkBgzT7Ykc5YXUT46F0iKu8SGXq0bcwP5dz/h0Plj6enJqjz1Zbq2l5WaqYnrVbwWOWMyF3F47g=="],

    "source-map-support": ["source-map-support@0.5.21", "", { "dependencies": { "buffer-from": "^1.0.0", "source-map": "^0.6.0" } }, "sha512-uBHU3L3czsIyYXKX88fdrGovxdSCoTGDRZ6SYXtSRxLZUzHg5P/66Ht6uoUlHu9EZod+inXhKo3qQgwXUT/y1w=="],

    "split2": ["split2@4.2.0", "", {}, "sha512-UcjcJOWknrNkF6PLX83qcHM6KHgVKNkV62Y8a5uYDVv9ydGQVwAHMKqHdJje1VTWpljG0WYpCDhrCdAOYH4TWg=="],

    "supports-color": ["supports-color@10.2.2", "", {}, "sha512-SS+jx45GF1QjgEXQx4NJZV9ImqmO2NPz5FNsIHrsDjh2YsHnawpan7SNQ1o8NuhrbHZy9AZhIoCUiCeaW/C80g=="],

    "tslib": ["tslib@2.8.1", "", {}, "sha512-oJFu94HQb+KVduSUQL7wnpmqnfmLsOA/nAh6b6EH0wCEoK0/mPeXU6c3wKDV83MkOuHPRHtSXKKU99IBazS/2w=="],

    "tsx": ["tsx@4.22.4", "", { "dependencies": { "esbuild": "~0.28.0" }, "optionalDependencies": { "fsevents": "~2.3.3" }, "bin": { "tsx": "dist/cli.mjs" } }, "sha512-X8EX+XV4QR5xCsrgxaED954zTDfY8KqlDtskKEL0cHhyS/P8b4IFOvGDQpsC9Q1XnLq915wEfwwY/zzskCtmhg=="],

    "typescript": ["typescript@5.9.3", "", { "bin": { "tsc": "bin/tsc", "tsserver": "bin/tsserver" } }, "sha512-jl1vZzPDinLr9eUt3J/t7V6FgNEw9QjvBPdysz9KfQDD41fQrC2Y4vKQdiaUpFT4bXlb1RHhLpp8wtm6M5TgSw=="],

    "undici": ["undici@7.28.0", "", {}, "sha512-cRZYrTDwWznlnRiPjggAGxZXanty6M8RV1ff8Wm4LWXBp7/IG8v5DnOm74DtUBp9OONpK75YlPnIjQqX0dBDtA=="],

    "undici-types": ["undici-types@6.21.0", "", {}, "sha512-iwDZqg0QAGrg9Rav5H4n0M64c3mkR59cJ6wQp+7C4nI0gsmExaedaYLNO44eT4AtBBwjbTiGPMlt2Md0T9H9JQ=="],

    "unenv": ["unenv@2.0.0-rc.24", "", { "dependencies": { "pathe": "^2.0.3" } }, "sha512-i7qRCmY42zmCwnYlh9H2SvLEypEFGye5iRmEMKjcGi7zk9UquigRjFtTLz0TYqr0ZGLZhaMHl/foy1bZR+Cwlw=="],

    "workerd": ["workerd@1.20260710.1", "", { "optionalDependencies": { "@cloudflare/workerd-darwin-64": "1.20260710.1", "@cloudflare/workerd-darwin-arm64": "1.20260710.1", "@cloudflare/workerd-linux-64": "1.20260710.1", "@cloudflare/workerd-linux-arm64": "1.20260710.1", "@cloudflare/workerd-windows-64": "1.20260710.1" }, "bin": { "workerd": "bin/workerd" } }, "sha512-U2sBPPrb9U97sBKnnMN6Kv8p65903P35nwMkPE9vSH/bRuRqkZ3a1EjUw3jV28RhiyXpkLF77Evzw8XimFxyTw=="],

    "wrangler": ["wrangler@4.111.0", "", { "dependencies": { "@cloudflare/kv-asset-handler": "0.5.0", "@cloudflare/unenv-preset": "2.16.1", "blake3-wasm": "2.1.5", "esbuild": "0.28.1", "miniflare": "4.20260710.0", "path-to-regexp": "6.3.0", "unenv": "2.0.0-rc.24", "workerd": "1.20260710.1" }, "optionalDependencies": { "fsevents": "2.3.3" }, "peerDependencies": { "@cloudflare/workers-types": "^5.20260710.1" }, "optionalPeers": ["@cloudflare/workers-types"], "bin": { "cf-wrangler": "bin/cf-wrangler.js", "wrangler": "bin/wrangler.js", "wrangler2": "bin/wrangler.js" } }, "sha512-bffpI9EyrnpKkF/1S+RaIv8oRD93GtbsA7TlfWwOsGJGB7VO3jVbdGzpC9TU7Bqom3z7jUxcte4Z9MPhaQ4HoQ=="],

    "ws": ["ws@8.21.0", "", { "peerDependencies": { "bufferutil": "^4.0.1", "utf-8-validate": ">=5.0.2" }, "optionalPeers": ["bufferutil", "utf-8-validate"] }, "sha512-Vsp28b7DRcimFQvrqu2Wek3z1iYxDCWqHYB8Qsnk/S4RfaCQzPGPyBNuVjJV3cd6UiKtUtp6sNM77gWvzcCH+g=="],

    "xtend": ["xtend@4.0.2", "", {}, "sha512-LKYU1iAXJXUgAXn9URjiu+MWhyUXHsvfp7mcuYm9dSUKK0/CjtrUwFAxD82/mCWbtLsGjFIad0wIsod4zrTAEQ=="],

    "yaml": ["yaml@2.9.0", "", { "bin": { "yaml": "bin.mjs" } }, "sha512-2AvhNX3mb8zd6Zy7INTtSpl1F15HW6Wnqj0srWlkKLcpYl/gMIMJiyuGq2KeI2YFxUPjdlB+3Lc10seMLtL4cA=="],

    "youch": ["youch@4.1.0-beta.10", "", { "dependencies": { "@poppinss/colors": "^4.1.5", "@poppinss/dumper": "^0.6.4", "@speed-highlight/core": "^1.2.7", "cookie": "^1.0.2", "youch-core": "^0.3.3" } }, "sha512-rLfVLB4FgQneDr0dv1oddCVZmKjcJ6yX6mS4pU82Mq/Dt9a3cLZQ62pDBL4AUO+uVrCvtWz3ZFUL2HFAFJ/BXQ=="],

    "youch-core": ["youch-core@0.3.3", "", { "dependencies": { "@poppinss/exception": "^1.2.2", "error-stack-parser-es": "^1.0.5" } }, "sha512-ho7XuGjLaJ2hWHoK8yFnsUGy2Y5uDpqSTq1FkHLK4/oqKtyUU1AFbOOxY4IpC9f0fTLjwYbslUz0Po5BpD1wrA=="],

    "@noble/post-quantum/@noble/curves": ["@noble/curves@2.0.1", "", { "dependencies": { "@noble/hashes": "2.0.1" } }, "sha512-vs1Az2OOTBiP4q0pwjW5aF0xp9n4MxVrmkFBxc6EKZc6ddYx5gaZiAsZoq0uRRXWbi3AT/sBqn05eRPtn1JCPw=="],

    "@noble/post-quantum/@noble/hashes": ["@noble/hashes@2.0.1", "", {}, "sha512-XlOlEbQcE9fmuXxrVTXCTlG2nlRXa9Rj3rr5Ue/+tX+nmkgbX720YHh0VR3hBF9xDvwnb8D2shVGOwNx+ulArw=="],
  }
}
