{
  "version": "5",
  "specifiers": {
    "jsr:@takos/takosumi-contract@1": "1.0.0",
    "npm:hono@^4.12.4": "4.12.15"
  },
  "jsr": {
    "@takos/takosumi-contract@1.0.0": {
      "integrity": "405b1ff6a9e394090b6d5ece6750159fdf7cbc177e7639d877a67f5da7517374"
    }
  },
  "npm": {
    "hono@4.12.15": {
      "integrity": "sha512-qM0jDhFEaCBb4TxoW7f53Qrpv9RBiayUHo0S52JudprkhvpjIrGoU1mnnr29Fvd1U335ZFPZQY1wlkqgfGXyLg=="
    }
  },
  "workspace": {
    "dependencies": [
      "jsr:@takos/takosumi-contract@1",
      "npm:hono@^4.12.4"
    ]
  }
}
